
Microsoft Visual Studio Solution File, Format Version 12.00
# Visual Studio Version 16
VisualStudioVersion = 16.0.31729.503
MinimumVisualStudioVersion = 10.0.40219.1
Project("{9A19103F-16F7-4668-BE54-9A1E7A4F7556}") = "JoePizza", "JoePizza\JoePizza.csproj", "{C02D0C34-6E5A-4C62-A193-29174A8FFB3D}"
EndProject
Project("{9A19103F-16F7-4668-BE54-9A1E7A4F7556}") = "JoeNunit", "JoeNunit\JoeNunit.csproj", "{EB1DE180-DA1C-41B6-9AA4-2235055836FE}"
EndProject
Project("{FAE04EC0-301F-11D3-BF4B-00C04F79EFBC}") = "JoeSelenium", "JoeSelenium\JoeSelenium.csproj", "{DC2D3DF5-4489-40C9-B79E-A7790192E68D}"
EndProject
Global
	GlobalSection(SolutionConfigurationPlatforms) = preSolution
		Debug|Any CPU = Debug|Any CPU
		Release|Any CPU = Release|Any CPU
	EndGlobalSection
	GlobalSection(ProjectConfigurationPlatforms) = postSolution
		{C02D0C34-6E5A-4C62-A193-29174A8FFB3D}.Debug|Any CPU.ActiveCfg = Debug|Any CPU
		{C02D0C34-6E5A-4C62-A193-29174A8FFB3D}.Debug|Any CPU.Build.0 = Debug|Any CPU
		{C02D0C34-6E5A-4C62-A193-29174A8FFB3D}.Release|Any CPU.ActiveCfg = Release|Any CPU
		{C02D0C34-6E5A-4C62-A193-29174A8FFB3D}.Release|Any CPU.Build.0 = Release|Any CPU
		{EB1DE180-DA1C-41B6-9AA4-2235055836FE}.Debug|Any CPU.ActiveCfg = Debug|Any CPU
		{EB1DE180-DA1C-41B6-9AA4-2235055836FE}.Debug|Any CPU.Build.0 = Debug|Any CPU
		{EB1DE180-DA1C-41B6-9AA4-2235055836FE}.Release|Any CPU.ActiveCfg = Release|Any CPU
		{EB1DE180-DA1C-41B6-9AA4-2235055836FE}.Release|Any CPU.Build.0 = Release|Any CPU
		{DC2D3DF5-4489-40C9-B79E-A7790192E68D}.Debug|Any CPU.ActiveCfg = Debug|Any CPU
		{DC2D3DF5-4489-40C9-B79E-A7790192E68D}.Debug|Any CPU.Build.0 = Debug|Any CPU
		{DC2D3DF5-4489-40C9-B79E-A7790192E68D}.Release|Any CPU.ActiveCfg = Release|Any CPU
		{DC2D3DF5-4489-40C9-B79E-A7790192E68D}.Release|Any CPU.Build.0 = Release|Any CPU
	EndGlobalSection
	GlobalSection(SolutionProperties) = preSolution
		HideSolutionNode = FALSE
	EndGlobalSection
	GlobalSection(ExtensibilityGlobals) = postSolution
		SolutionGuid = {6F3D6DF0-D386-4CAC-832A-7DC3B2EF594F}
	EndGlobalSection
EndGlobal
